
Microsoft Visual Studio Solution File, Format Version 12.00
# Visual Studio Version 17
VisualStudioVersion = 17.9.34728.123
MinimumVisualStudioVersion = 10.0.40219.1
Project("{FAE04EC0-301F-11D3-BF4B-00C04F79EFBC}") = "EmailSenderAPI_0513", "EmailSenderAPI_0513\EmailSenderAPI_0513.csproj", "{945D2D9D-6F5D-4495-BA10-234145720D56}"
EndProject
Global
	GlobalSection(SolutionConfigurationPlatforms) = preSolution
		Debug|Any CPU = Debug|Any CPU
		Release|Any CPU = Release|Any CPU
	EndGlobalSection
	GlobalSection(ProjectConfigurationPlatforms) = postSolution
		{945D2D9D-6F5D-4495-BA10-234145720D56}.Debug|Any CPU.ActiveCfg = Debug|Any CPU
		{945D2D9D-6F5D-4495-BA10-234145720D56}.Debug|Any CPU.Build.0 = Debug|Any CPU
		{945D2D9D-6F5D-4495-BA10-234145720D56}.Release|Any CPU.ActiveCfg = Release|Any CPU
		{945D2D9D-6F5D-4495-BA10-234145720D56}.Release|Any CPU.Build.0 = Release|Any CPU
	EndGlobalSection
	GlobalSection(SolutionProperties) = preSolution
		HideSolutionNode = FALSE
	EndGlobalSection
	GlobalSection(ExtensibilityGlobals) = postSolution
		SolutionGuid = {C3761E58-2798-4E50-B894-9D661CB65C56}
	EndGlobalSection
EndGlobal
